github.com/MrmaderatorYT/CyberCore v0.0.0-20230420052655-a4b76c7253e1 h1:OtkZdNIHd8JtUzjvNmiboz4utaH3/qOBODNsArGCEQg=
github.com/MrmaderatorYT/CyberCore v0.0.0-20230420052655-a4b76c7253e1/go.mod h1:ME/ZEjcU9vKRg6IE2uDmRnkH02aMcDcUu9ipgZ4DAus=
github.com/Tnze/go-mc v1.19.4-0.20230417163417-4315d1440ce1 h1:8ETDVDayOEcdsQT3SlLcrVxYXxbGvtKynUwgHPucjzQ=
github.com/Tnze/go-mc v1.19.4-0.20230417163417-4315d1440ce1/go.mod h1:c1znJQglgqa1Jjs3Dr29woN/msguiJrlNtWXhKedh2U=
github.com/google/uuid v1.3.0 h1:t6JiXgmwXMjEs8VusXIJk2BXHsn+wx8BZdTaoZ5fu7I=
github.com/google/uuid v1.3.0/go.mod h1:TIyPZe4MgqvfeYDBFedMoGGpEw/LqOeaOT+nhxU+yHo=
